
Microsoft Visual Studio Solution File, Format Version 12.00
# Visual Studio Version 16
VisualStudioVersion = 16.0.31410.357
MinimumVisualStudioVersion = 10.0.40219.1
Project("{FAE04EC0-301F-11D3-BF4B-00C04F79EFBC}") = "mytest", "mytest\mytest.csproj", "{7B598804-67B6-4DB1-B922-5919ADD14FEB}"
EndProject
Global
	GlobalSection(SolutionConfigurationPlatforms) = preSolution
		Debug|Any CPU = Debug|Any CPU
		Release|Any CPU = Release|Any CPU
	EndGlobalSection
	GlobalSection(ProjectConfigurationPlatforms) = postSolution
		{7B598804-67B6-4DB1-B922-5919ADD14FEB}.Debug|Any CPU.ActiveCfg = Debug|Any CPU
		{7B598804-67B6-4DB1-B922-5919ADD14FEB}.Debug|Any CPU.Build.0 = Debug|Any CPU
		{7B598804-67B6-4DB1-B922-5919ADD14FEB}.Release|Any CPU.ActiveCfg = Release|Any CPU
		{7B598804-67B6-4DB1-B922-5919ADD14FEB}.Release|Any CPU.Build.0 = Release|Any CPU
	EndGlobalSection
	GlobalSection(SolutionProperties) = preSolution
		HideSolutionNode = FALSE
	EndGlobalSection
	GlobalSection(ExtensibilityGlobals) = postSolution
		SolutionGuid = {FB9C5016-0E23-4028-92DE-5214C01AC041}
	EndGlobalSection
EndGlobal
